
Microsoft Visual Studio Solution File, Format Version 12.00
Project("{FAE04EC0-301F-11D3-BF4B-00C04F79EFBC}") = "Marsen.NetCore.Api", "Marsen.NetCore.Api\Marsen.NetCore.Api.csproj", "{03F0B246-24F3-4B3A-A5E5-9A83AA8646DF}"
EndProject
Project("{FAE04EC0-301F-11D3-BF4B-00C04F79EFBC}") = "Marsen.NetCore.Tests", "Marsen.NetCore.Tests\Marsen.NetCore.Tests.csproj", "{73F645B8-25A3-4E2C-953D-CC652BD33089}"
EndProject
Global
	GlobalSection(SolutionConfigurationPlatforms) = preSolution
		Debug|Any CPU = Debug|Any CPU
		Release|Any CPU = Release|Any CPU
	EndGlobalSection
	GlobalSection(ProjectConfigurationPlatforms) = postSolution
		{03F0B246-24F3-4B3A-A5E5-9A83AA8646DF}.Debug|Any CPU.ActiveCfg = Debug|Any CPU
		{03F0B246-24F3-4B3A-A5E5-9A83AA8646DF}.Debug|Any CPU.Build.0 = Debug|Any CPU
		{03F0B246-24F3-4B3A-A5E5-9A83AA8646DF}.Release|Any CPU.ActiveCfg = Release|Any CPU
		{03F0B246-24F3-4B3A-A5E5-9A83AA8646DF}.Release|Any CPU.Build.0 = Release|Any CPU
		{73F645B8-25A3-4E2C-953D-CC652BD33089}.Debug|Any CPU.ActiveCfg = Debug|Any CPU
		{73F645B8-25A3-4E2C-953D-CC652BD33089}.Debug|Any CPU.Build.0 = Debug|Any CPU
		{73F645B8-25A3-4E2C-953D-CC652BD33089}.Release|Any CPU.ActiveCfg = Release|Any CPU
		{73F645B8-25A3-4E2C-953D-CC652BD33089}.Release|Any CPU.Build.0 = Release|Any CPU
	EndGlobalSection
EndGlobal
